
Microsoft Visual Studio Solution File, Format Version 12.00
# Visual Studio Version 17
VisualStudioVersion = 17.8.34309.116
MinimumVisualStudioVersion = 10.0.40219.1
Project("{FAE04EC0-301F-11D3-BF4B-00C04F79EFBC}") = "CodeFirstAjax", "CodeFirstAjax.csproj", "{61F87E95-86BA-4367-A85E-4FCB2DC8A4E5}"
EndProject
Global
	GlobalSection(SolutionConfigurationPlatforms) = preSolution
		Debug|Any CPU = Debug|Any CPU
		Release|Any CPU = Release|Any CPU
	EndGlobalSection
	GlobalSection(ProjectConfigurationPlatforms) = postSolution
		{61F87E95-86BA-4367-A85E-4FCB2DC8A4E5}.Debug|Any CPU.ActiveCfg = Debug|Any CPU
		{61F87E95-86BA-4367-A85E-4FCB2DC8A4E5}.Debug|Any CPU.Build.0 = Debug|Any CPU
		{61F87E95-86BA-4367-A85E-4FCB2DC8A4E5}.Release|Any CPU.ActiveCfg = Release|Any CPU
		{61F87E95-86BA-4367-A85E-4FCB2DC8A4E5}.Release|Any CPU.Build.0 = Release|Any CPU
	EndGlobalSection
	GlobalSection(SolutionProperties) = preSolution
		HideSolutionNode = FALSE
	EndGlobalSection
	GlobalSection(ExtensibilityGlobals) = postSolution
		SolutionGuid = {E618E625-9B57-4DD3-AB56-F9C6AF9DA957}
	EndGlobalSection
EndGlobal
